# THIS IS AN AUTOGENERATED FILE. DO NOT EDIT THIS FILE DIRECTLY.
# yarn lockfile v1


esbuild-android-arm64@0.13.5:
  version "0.13.5"
  resolved "https://registry.yarnpkg.com/esbuild-android-arm64/-/esbuild-android-arm64-0.13.5.tgz#a299a18fd8a016ae19fd948fc659b3f65d1b992f"
  integrity sha512-xaNH58b9XRAWT5q0rwA2GNTgJynb51JhdotlNKdLmSCyKXPVlF87yqNLNdmlX/zndzRDrZdtpCWSALdn/J63Ug==

esbuild-darwin-64@0.13.5:
  version "0.13.5"
  resolved "https://registry.yarnpkg.com/esbuild-darwin-64/-/esbuild-darwin-64-0.13.5.tgz#01359f2c6921bd2704d0a895f5603ab33f2eeb1b"
  integrity sha512-ClGQeUObXIxEpZviGzjTinDikXy9XodojP9jLKwqLCBpZ9wdV3MW7JOmw60fgXgnbNRvkZCqM6uEi+ur8p80Ow==

esbuild-darwin-arm64@0.13.5:
  version "0.13.5"
  resolved "https://registry.yarnpkg.com/esbuild-darwin-arm64/-/esbuild-darwin-arm64-0.13.5.tgz#1dbe362ebc9afcdab4f9af9bb320dacd73e2aedc"
  integrity sha512-qro6M/qzs1dBPh14Ca+5moIkLo2KE3ll3dOpiN7aAususkM1HmqQptCEchi0XwX+6nfqWI96YvVqPJ3DfUUK5A==

esbuild-freebsd-64@0.13.5:
  version "0.13.5"
  resolved "https://registry.yarnpkg.com/esbuild-freebsd-64/-/esbuild-freebsd-64-0.13.5.tgz#fecee59fa491a3f544c731b0c0319bd5a9da7d50"
  integrity sha512-vklf7L7fghREEvS1sjAFcxcw/Qqt+Z+L0ySN+pEeb7rA8nPLfRBSFdXAru8UNuHsMWns6CrcZ5eDOKTerZZ5ng==

esbuild-freebsd-arm64@0.13.5:
  version "0.13.5"
  resolved "https://registry.yarnpkg.com/esbuild-freebsd-arm64/-/esbuild-freebsd-arm64-0.13.5.tgz#4e98c0e33ed19a63ffd4db87314986b9d93850b5"
  integrity sha512-kJoouhbZt4QvjiPak7/Lz57Azok0CgFnNtixiOsqEQXTabIaKmMmnq4qgjD6EBFeU/hvSXDrPe6U8dWhBZOrWQ==

esbuild-linux-32@0.13.5:
  version "0.13.5"
  resolved "https://registry.yarnpkg.com/esbuild-linux-32/-/esbuild-linux-32-0.13.5.tgz#00083740af7f1416951c634a461e3d01ed812cd0"
  integrity sha512-/QufG6tTGKAf42pIYkOVZzKBPxF01xH1kCPyOFJZukZBV/Tk3TeOZfhJIAf7pxl4jhfa+c4Jcdp7CvIAjXrmJg==

esbuild-linux-64@0.13.5:
  version "0.13.5"
  resolved "https://registry.yarnpkg.com/esbuild-linux-64/-/esbuild-linux-64-0.13.5.tgz#49bd1648fd2070594fe3aad31925108ee2916216"
  integrity sha512-NmNFMXEthuFJTFaD4cLhAHCxg+y3uXzo7nqH/WNNSZ8PPY11jbeOvMbdArYlbo2Wy1N/mTHXMcK1synSJj+4Iw==

esbuild-linux-arm64@0.13.5:
  version "0.13.5"
  resolved "https://registry.yarnpkg.com/esbuild-linux-arm64/-/esbuild-linux-arm64-0.13.5.tgz#78ef0f20d2b175403552075cc6d6af80f55a22d8"
  integrity sha512-dOS5EZsZj8Lw0TgEj3zy1/slTBbfBw4v7uHEqZXP34dUaRq2oltNaUYIj735CtgB7I5/MXrXEUYkXLqcVfzJQQ==

esbuild-linux-arm@0.13.5:
  version "0.13.5"
  resolved "https://registry.yarnpkg.com/esbuild-linux-arm/-/esbuild-linux-arm-0.13.5.tgz#27c4e92a6597376a8c3fe8c79177d72ba77f8500"
  integrity sha512-69nQmbKLBRaAxf88diyaOyarrI7yIdBkZ8bmVzQ7XVWneY+nYIcGtugTSOs5znNGfPqGOElAjh1lX+0sGYHNpA==

esbuild-linux-mips64le@0.13.5:
  version "0.13.5"
  resolved "https://registry.yarnpkg.com/esbuild-linux-mips64le/-/esbuild-linux-mips64le-0.13.5.tgz#4061cbef41f96e4a176bebf7e7b2d6d397e05e86"
  integrity sha512-dmKA8ZI/nHwpxIQW/L5crk7Ac4wJJ2Kquvdo1CdXPW1UljMyKUDuHc4K7D1Iws5igqJmNO6U5vdRUKrdnIov6Q==

esbuild-linux-ppc64le@0.13.5:
  version "0.13.5"
  resolved "https://registry.yarnpkg.com/esbuild-linux-ppc64le/-/esbuild-linux-ppc64le-0.13.5.tgz#290a5caca6751b8c80c5d075cafe857102263118"
  integrity sha512-HkVGKkPL3XOhJqNOJ752Q1li5zeidrJHv+XWX6qCnCipNsVuGqaAGfxeWbL/+A/giolMlP7wvAuiKgoe+a5UAw==

esbuild-openbsd-64@0.13.5:
  version "0.13.5"
  resolved "https://registry.yarnpkg.com/esbuild-openbsd-64/-/esbuild-openbsd-64-0.13.5.tgz#223eb2730a6fede7930a2b44b0b1d5b067a3cef5"
  integrity sha512-BuOZzmdsdreSs0qDgbuiEhSbUDDW2Wyp4VtpNGBmaLwPMHftdprOJXLkeFud3HlnRB2n9qdiTVKg1B8YqMogSw==

esbuild-sunos-64@0.13.5:
  version "0.13.5"
  resolved "https://registry.yarnpkg.com/esbuild-sunos-64/-/esbuild-sunos-64-0.13.5.tgz#6f121ac285c298f09467748607cc0496ebbfd23e"
  integrity sha512-YJNB6Og1QYAPikvYDbqvk5xCqr6WL2i5cRWPGGgWOEItQPnq6gFsWogS3DiYM8TQKe50KRiD3Lwu7eNYsdPO4w==

esbuild-windows-32@0.13.5:
  version "0.13.5"
  resolved "https://registry.yarnpkg.com/esbuild-windows-32/-/esbuild-windows-32-0.13.5.tgz#0da6d240152f76f3dd764c0bb0391d894acd403f"
  integrity sha512-CigOlBSKsZ61IS+FyhD3luqCpl7LN9ntDaBZXumls/0IZ/8BJ5txqw4a6pv4LtnfIgt0ixGHSH7kAUmApw/HAw==

esbuild-windows-64@0.13.5:
  version "0.13.5"
  resolved "https://registry.yarnpkg.com/esbuild-windows-64/-/esbuild-windows-64-0.13.5.tgz#330266a2c95b26c2f949e9de9b0c366924fec53f"
  integrity sha512-pg2BZXLpcPcrIcmToGapLRExzj6sm0VmQlqlmnMOtIJh0YQV9c0CRbhfIT0gYvJqCz5JEGiRvYpArRlxWADN3Q==

esbuild-windows-arm64@0.13.5:
  version "0.13.5"
  resolved "https://registry.yarnpkg.com/esbuild-windows-arm64/-/esbuild-windows-arm64-0.13.5.tgz#e0501e82b88f4165cce7cd017db83428f459f775"
  integrity sha512-KKRDmUOIE4oCvJp0I4p4QyazK2X79spF29vsZr2U8qHhmxbTLSQWvYmb2WlF5Clb1URRsX0L013rhwHx1SEu0w==

esbuild@0.13.5:
  version "0.13.5"
  resolved "https://registry.yarnpkg.com/esbuild/-/esbuild-0.13.5.tgz#f9add2c2c899a9023dd7f7b64c452320f008aa79"
  integrity sha512-Q9/f1njsZaO+Qqe3dqAdtu4zGHNZIbcEtdg44/NooyPhqCerns4FeC1UPYeB4pKD08iDuWcmyINFJTqpdN+pqg==
  optionalDependencies:
    esbuild-android-arm64 "0.13.5"
    esbuild-darwin-64 "0.13.5"
    esbuild-darwin-arm64 "0.13.5"
    esbuild-freebsd-64 "0.13.5"
    esbuild-freebsd-arm64 "0.13.5"
    esbuild-linux-32 "0.13.5"
    esbuild-linux-64 "0.13.5"
    esbuild-linux-arm "0.13.5"
    esbuild-linux-arm64 "0.13.5"
    esbuild-linux-mips64le "0.13.5"
    esbuild-linux-ppc64le "0.13.5"
    esbuild-openbsd-64 "0.13.5"
    esbuild-sunos-64 "0.13.5"
    esbuild-windows-32 "0.13.5"
    esbuild-windows-64 "0.13.5"
    esbuild-windows-arm64 "0.13.5"

history@4.7.2:
  version "4.7.2"
  resolved "https://registry.yarnpkg.com/history/-/history-4.7.2.tgz#22b5c7f31633c5b8021c7f4a8a954ac139ee8d5b"
  integrity sha512-1zkBRWW6XweO0NBcjiphtVJVsIQ+SXF29z9DVkceeaSLVMFXHool+fdCZD4spDCfZJCILPILc3bm7Bc+HRi0nA==
  dependencies:
    invariant "^2.2.1"
    loose-envify "^1.2.0"
    resolve-pathname "^2.2.0"
    value-equal "^0.4.0"
    warning "^3.0.0"

invariant@^2.2.1:
  version "2.2.4"
  resolved "https://registry.yarnpkg.com/invariant/-/invariant-2.2.4.tgz#610f3c92c9359ce1db616e538008d23ff35158e6"
  integrity sha512-phJfQVBuaJM5raOpJjSfkiD6BpbCE4Ns//LaXl6wGYtUBY83nWS6Rf9tXm2e8VaK60JEjYldbPif/A2B1C2gNA==
  dependencies:
    loose-envify "^1.0.0"

"js-tokens@^3.0.0 || ^4.0.0":
  version "4.0.0"
  resolved "https://registry.yarnpkg.com/js-tokens/-/js-tokens-4.0.0.tgz#19203fb59991df98e3a287050d4647cdeaf32499"
  integrity sha512-RdJUflcE3cUzKiMqQgsCu06FPu9UdIJO0beYbPhHN4k6apgJtifcoCtT9bcxOpYBtpD2kCM6Sbzg4CausW/PKQ==

loose-envify@^1.0.0, loose-envify@^1.2.0:
  version "1.4.0"
  resolved "https://registry.yarnpkg.com/loose-envify/-/loose-envify-1.4.0.tgz#71ee51fa7be4caec1a63839f7e682d8132d30caf"
  integrity sha512-lyuxPGr/Wfhrlem2CL/UcnUc1zcqKAImBDzukY7Y5F/yQiNdko6+fRLevlw1HgMySw7f611UIY408EtxRSoK3Q==
  dependencies:
    js-tokens "^3.0.0 || ^4.0.0"

resolve-pathname@^2.2.0:
  version "2.2.0"
  resolved "https://registry.yarnpkg.com/resolve-pathname/-/resolve-pathname-2.2.0.tgz#7e9ae21ed815fd63ab189adeee64dc831eefa879"
  integrity sha512-bAFz9ld18RzJfddgrO2e/0S2O81710++chRMUxHjXOYKF6jTAMrUNZrEZ1PvV0zlhfjidm08iRPdTLPno1FuRg==

rxjs@6.3.3:
  version "6.3.3"
  resolved "https://registry.yarnpkg.com/rxjs/-/rxjs-6.3.3.tgz#3c6a7fa420e844a81390fb1158a9ec614f4bad55"
  integrity sha512-JTWmoY9tWCs7zvIk/CvRjhjGaOd+OVBM987mxFo+OW66cGpdKjZcpmc74ES1sB//7Kl/PAe8+wEakuhG4pcgOw==
  dependencies:
    tslib "^1.9.0"

tslib@^1.9.0:
  version "1.14.1"
  resolved "https://registry.yarnpkg.com/tslib/-/tslib-1.14.1.tgz#cf2d38bdc34a134bcaf1091c41f6619e2f672d00"
  integrity sha512-Xni35NKzjgMrwevysHTCArtLDpPvye8zV/0E4EyYn43P7/7qvQwPh9BGkHewbMulVntbigmcT7rdX3BNo9wRJg==

typescript@4.4.4:
  version "4.4.4"
  resolved "https://registry.yarnpkg.com/typescript/-/typescript-4.4.4.tgz#2cd01a1a1f160704d3101fd5a58ff0f9fcb8030c"
  integrity sha512-DqGhF5IKoBl8WNf8C1gu8q0xZSInh9j1kJJMqT3a94w1JzVaBU4EXOSMrz9yDqMT0xt3selp83fuFMQ0uzv6qA==

value-equal@^0.4.0:
  version "0.4.0"
  resolved "https://registry.yarnpkg.com/value-equal/-/value-equal-0.4.0.tgz#c5bdd2f54ee093c04839d71ce2e4758a6890abc7"
  integrity sha512-x+cYdNnaA3CxvMaTX0INdTCN8m8aF2uY9BvEqmxuYp8bL09cs/kWVQPVGcA35fMktdOsP69IgU7wFj/61dJHEw==

warning@^3.0.0:
  version "3.0.0"
  resolved "https://registry.yarnpkg.com/warning/-/warning-3.0.0.tgz#32e5377cb572de4ab04753bdf8821c01ed605b7c"
  integrity sha1-MuU3fLVy3kqwR1O9+IIcAe1gW3w=
  dependencies:
    loose-envify "^1.0.0"
